{
  "name": "circuit-sharp",
  "lockfileVersion": 2,
  "requires": true,
  "packages": {
    "": {
      "dependencies": {
        "smalltalk": "^4.0.7"
      },
      "devDependencies": {
        "@types/jquery": "^3.5.14"
      }
    },
    "node_modules/@cloudcmd/create-element": {
      "version": "2.0.2",
      "resolved": "https://registry.npmjs.org/@cloudcmd/create-element/-/create-element-2.0.2.tgz",
      "integrity": "sha512-5b74qCgwEUx+GxzXC9Gwamgh4Rx5ouLSrCW+QbaBHWpxA5s1sw5i6MbSODfuts1MSX5RoaZjJAjNY5y3et1iXw==",
      "dependencies": {
        "currify": "^4.0.0",
        "fullstore": "^3.0.0"
      },
      "engines": {
        "node": ">=8.3"
      }
    },
    "node_modules/@types/jquery": {
      "version": "3.5.14",
      "resolved": "https://registry.npmjs.org/@types/jquery/-/jquery-3.5.14.tgz",
      "integrity": "sha512-X1gtMRMbziVQkErhTQmSe2jFwwENA/Zr+PprCkF63vFq+Yt5PZ4AlKqgmeNlwgn7dhsXEK888eIW2520EpC+xg==",
      "dev": true,
      "dependencies": {
        "@types/sizzle": "*"
      }
    },
    "node_modules/@types/sizzle": {
      "version": "2.3.3",
      "resolved": "https://registry.npmjs.org/@types/sizzle/-/sizzle-2.3.3.tgz",
      "integrity": "sha512-JYM8x9EGF163bEyhdJBpR2QX1R5naCJHC8ucJylJ3w9/CVBaskdQ8WqBf8MmQrd1kRvp/a4TS8HJ+bxzR7ZJYQ==",
      "dev": true
    },
    "node_modules/currify": {
      "version": "4.0.0",
      "resolved": "https://registry.npmjs.org/currify/-/currify-4.0.0.tgz",
      "integrity": "sha512-ABfH28PWp5oqqp31cLXJQdeMqoFNej9rJOu84wKhN3jPCH7FAZg3zY1MVI27PTFoqfPlxOyhGmh9PzOVv+yN2g=="
    },
    "node_modules/fullstore": {
      "version": "3.0.0",
      "resolved": "https://registry.npmjs.org/fullstore/-/fullstore-3.0.0.tgz",
      "integrity": "sha512-EEIdG+HWpyygWRwSLIZy+x4u0xtghjHNfhQb0mI5825Mmjq6oFESFUY0hoZigEgd3KH8GX+ZOCK9wgmOiS7VBQ==",
      "engines": {
        "node": ">=4"
      }
    },
    "node_modules/smalltalk": {
      "version": "4.0.7",
      "resolved": "https://registry.npmjs.org/smalltalk/-/smalltalk-4.0.7.tgz",
      "integrity": "sha512-aYZLc6qegvJzbUK68Ay4/TnXRkiSKfXH7XTjiBR5DQrUSvtMA/j/y5Y6CiI23pYZifYzlm8oBQW3l1WoPf6J8w==",
      "dependencies": {
        "@cloudcmd/create-element": "^2.0.0",
        "currify": "^4.0.0",
        "fullstore": "^3.0.0"
      }
    }
  },
  "dependencies": {
    "@cloudcmd/create-element": {
      "version": "2.0.2",
      "resolved": "https://registry.npmjs.org/@cloudcmd/create-element/-/create-element-2.0.2.tgz",
      "integrity": "sha512-5b74qCgwEUx+GxzXC9Gwamgh4Rx5ouLSrCW+QbaBHWpxA5s1sw5i6MbSODfuts1MSX5RoaZjJAjNY5y3et1iXw==",
      "requires": {
        "currify": "^4.0.0",
        "fullstore": "^3.0.0"
      }
    },
    "@types/jquery": {
      "version": "3.5.14",
      "resolved": "https://registry.npmjs.org/@types/jquery/-/jquery-3.5.14.tgz",
      "integrity": "sha512-X1gtMRMbziVQkErhTQmSe2jFwwENA/Zr+PprCkF63vFq+Yt5PZ4AlKqgmeNlwgn7dhsXEK888eIW2520EpC+xg==",
      "dev": true,
      "requires": {
        "@types/sizzle": "*"
      }
    },
    "@types/sizzle": {
      "version": "2.3.3",
      "resolved": "https://registry.npmjs.org/@types/sizzle/-/sizzle-2.3.3.tgz",
      "integrity": "sha512-JYM8x9EGF163bEyhdJBpR2QX1R5naCJHC8ucJylJ3w9/CVBaskdQ8WqBf8MmQrd1kRvp/a4TS8HJ+bxzR7ZJYQ==",
      "dev": true
    },
    "currify": {
      "version": "4.0.0",
      "resolved": "https://registry.npmjs.org/currify/-/currify-4.0.0.tgz",
      "integrity": "sha512-ABfH28PWp5oqqp31cLXJQdeMqoFNej9rJOu84wKhN3jPCH7FAZg3zY1MVI27PTFoqfPlxOyhGmh9PzOVv+yN2g=="
    },
    "fullstore": {
      "version": "3.0.0",
      "resolved": "https://registry.npmjs.org/fullstore/-/fullstore-3.0.0.tgz",
      "integrity": "sha512-EEIdG+HWpyygWRwSLIZy+x4u0xtghjHNfhQb0mI5825Mmjq6oFESFUY0hoZigEgd3KH8GX+ZOCK9wgmOiS7VBQ=="
    },
    "smalltalk": {
      "version": "4.0.7",
      "resolved": "https://registry.npmjs.org/smalltalk/-/smalltalk-4.0.7.tgz",
      "integrity": "sha512-aYZLc6qegvJzbUK68Ay4/TnXRkiSKfXH7XTjiBR5DQrUSvtMA/j/y5Y6CiI23pYZifYzlm8oBQW3l1WoPf6J8w==",
      "requires": {
        "@cloudcmd/create-element": "^2.0.0",
        "currify": "^4.0.0",
        "fullstore": "^3.0.0"
      }
    }
  }
}
